{
  "projects": [
    {
      "projectId": "eiC1VCbma8t6iMexZerqLa",
      "version": "5.1.0",
      "dependencies": {},
      "lang": "ts",
      "fileLocks": [
        {
          "assetId": "eiC1VCbma8t6iMexZerqLa",
          "type": "projectCss",
          "checksum": "db193106f1a1ff7d7895244062914f46"
        },
        {
          "assetId": "eiC1VCbma8t6iMexZerqLa",
          "checksum": "773262eff078af664c4d91350459d2e2",
          "type": "globalContexts"
        }
      ],
      "codegenVersion": "0.0.1"
    },
    {
      "projectId": "xp1p7dmg329XVLHyuEUxD2",
      "version": "11.2.0",
      "dependencies": {},
      "lang": "ts",
      "fileLocks": [
        {
          "assetId": "xp1p7dmg329XVLHyuEUxD2",
          "type": "projectCss",
          "checksum": "80d3bf2b0ee2970a706ae0d3423e8a83"
        }
      ],
      "codegenVersion": "0.0.1"
    },
    {
      "projectId": "pSGwZDAYME5TdPFpDRZPiX",
      "version": "latest",
      "dependencies": {
        "xp1p7dmg329XVLHyuEUxD2": "11.2.0",
        "eiC1VCbma8t6iMexZerqLa": "5.1.0"
      },
      "lang": "ts",
      "fileLocks": [
        {
          "type": "globalVariant",
          "assetId": "BfGvTWkOJKs55Y",
          "checksum": "c8e8f94c88740308f3297fa2a44a7866"
        },
        {
          "assetId": "pSGwZDAYME5TdPFpDRZPiX",
          "type": "projectCss",
          "checksum": "d599f263b37bd59af21a32bbb511a582"
        },
        {
          "assetId": "pSGwZDAYME5TdPFpDRZPiX",
          "checksum": "980d493c06697f7c5378579742f4d090",
          "type": "globalContexts"
        },
        {
          "type": "renderModule",
          "assetId": "1OkwftrQhCTsXU",
          "checksum": "480eeb93242ba4c9d534f516303c36cc"
        },
        {
          "type": "cssRules",
          "assetId": "1OkwftrQhCTsXU",
          "checksum": "480eeb93242ba4c9d534f516303c36cc"
        },
        {
          "type": "renderModule",
          "assetId": "4V7x1VGL3NrBvM",
          "checksum": "34de6441145539ab762b590afacbde54"
        },
        {
          "type": "cssRules",
          "assetId": "4V7x1VGL3NrBvM",
          "checksum": "34de6441145539ab762b590afacbde54"
        },
        {
          "type": "renderModule",
          "assetId": "pNUvmoFVnhKnbn",
          "checksum": "829095b1b9e586788526eefcd0c25dcc"
        },
        {
          "type": "cssRules",
          "assetId": "pNUvmoFVnhKnbn",
          "checksum": "829095b1b9e586788526eefcd0c25dcc"
        },
        {
          "type": "renderModule",
          "assetId": "DtPrgiAnsqxU5q",
          "checksum": "3732779aeed12198a557c961ca55023e"
        },
        {
          "type": "cssRules",
          "assetId": "DtPrgiAnsqxU5q",
          "checksum": "3732779aeed12198a557c961ca55023e"
        },
        {
          "type": "renderModule",
          "assetId": "8sPBcCqjAEwzk3",
          "checksum": "23f890e74952863d8e3728640f1d3e95"
        },
        {
          "type": "cssRules",
          "assetId": "8sPBcCqjAEwzk3",
          "checksum": "23f890e74952863d8e3728640f1d3e95"
        },
        {
          "type": "renderModule",
          "assetId": "IZzGNMwEBQzwBw",
          "checksum": "a43831c9370787aa31f8ee0420a0a096"
        },
        {
          "type": "cssRules",
          "assetId": "IZzGNMwEBQzwBw",
          "checksum": "a43831c9370787aa31f8ee0420a0a096"
        },
        {
          "type": "renderModule",
          "assetId": "YZdG8298wA4xC7",
          "checksum": "86e9efbd92c11b61d60279c2a60a4721"
        },
        {
          "type": "cssRules",
          "assetId": "YZdG8298wA4xC7",
          "checksum": "86e9efbd92c11b61d60279c2a60a4721"
        },
        {
          "type": "renderModule",
          "assetId": "93-IpNzPCTGGR2",
          "checksum": "29797ae73f2e9d79b2b965fee4d8a21b"
        },
        {
          "type": "cssRules",
          "assetId": "93-IpNzPCTGGR2",
          "checksum": "29797ae73f2e9d79b2b965fee4d8a21b"
        },
        {
          "type": "renderModule",
          "assetId": "RGyFclTQKUHoVM",
          "checksum": "a95925305b7daa550bde14155d25e243"
        },
        {
          "type": "cssRules",
          "assetId": "RGyFclTQKUHoVM",
          "checksum": "a95925305b7daa550bde14155d25e243"
        },
        {
          "type": "renderModule",
          "assetId": "KR1qjb8IACErLi",
          "checksum": "3a1abd32a3e2f30797abaacf184861c7"
        },
        {
          "type": "cssRules",
          "assetId": "KR1qjb8IACErLi",
          "checksum": "3a1abd32a3e2f30797abaacf184861c7"
        },
        {
          "type": "renderModule",
          "assetId": "U6FcGuATE6lQLf",
          "checksum": "df5803ffe9f7da31e4e259a8d178f24a"
        },
        {
          "type": "cssRules",
          "assetId": "U6FcGuATE6lQLf",
          "checksum": "df5803ffe9f7da31e4e259a8d178f24a"
        },
        {
          "type": "renderModule",
          "assetId": "G1yZkD7sYSmdPP",
          "checksum": "22e87cb7ee58aef6e6acc317b839b506"
        },
        {
          "type": "cssRules",
          "assetId": "G1yZkD7sYSmdPP",
          "checksum": "22e87cb7ee58aef6e6acc317b839b506"
        },
        {
          "type": "renderModule",
          "assetId": "AiJmE-EyBldEYD",
          "checksum": "77b162825ec037ec3dfc21bf9cc3b4c8"
        },
        {
          "type": "cssRules",
          "assetId": "AiJmE-EyBldEYD",
          "checksum": "77b162825ec037ec3dfc21bf9cc3b4c8"
        },
        {
          "type": "renderModule",
          "assetId": "rOQRnGjKovcOBT",
          "checksum": "e5a4e2737150c0881c19dd204865db85"
        },
        {
          "type": "cssRules",
          "assetId": "rOQRnGjKovcOBT",
          "checksum": "e5a4e2737150c0881c19dd204865db85"
        },
        {
          "type": "renderModule",
          "assetId": "bAWMtmJOB61QLV",
          "checksum": "65e2454af021315628a6dac82064ecc2"
        },
        {
          "type": "cssRules",
          "assetId": "bAWMtmJOB61QLV",
          "checksum": "65e2454af021315628a6dac82064ecc2"
        },
        {
          "type": "renderModule",
          "assetId": "EUURMtEcXj",
          "checksum": "79661cdd18c829beaef7d96b15f0dbfa"
        },
        {
          "type": "cssRules",
          "assetId": "EUURMtEcXj",
          "checksum": "79661cdd18c829beaef7d96b15f0dbfa"
        },
        {
          "type": "icon",
          "assetId": "NEfwK6-JY3fnG",
          "checksum": "3dd198ac212f925837fceddc8cbf2db4"
        },
        {
          "type": "icon",
          "assetId": "p1gUg2FqR_LCK",
          "checksum": "02fba22a288fe937fbbe2b829ef1f84e"
        },
        {
          "type": "icon",
          "assetId": "iP4LXwPvMVFQw",
          "checksum": "d39a74227d5a19d6ba520582ee42da6e"
        },
        {
          "type": "icon",
          "assetId": "WJJNxzgspxnjB",
          "checksum": "194decd998f50b284c5fd3d0dcfb8ee5"
        },
        {
          "type": "icon",
          "assetId": "kSySs9lDcxAA5",
          "checksum": "307205fa7b8afaa73cd6788313992541"
        },
        {
          "type": "icon",
          "assetId": "_jEtU_7DbdbO4",
          "checksum": "15d82f5938a49d6e7ebb0ab859934e1a"
        },
        {
          "type": "icon",
          "assetId": "8frDK9Npa4Y1S",
          "checksum": "0f0e88eb29deac71a568edc005816a93"
        },
        {
          "type": "icon",
          "assetId": "lv4KQnMWrpp2k",
          "checksum": "13b2200b5f8efe6c3f19b0eee584ca4f"
        },
        {
          "type": "icon",
          "assetId": "v36_NXiFFYr6O",
          "checksum": "4abf9549c4ad8bc24c19210a0e42749a"
        },
        {
          "type": "icon",
          "assetId": "D1Qvzqhw3Cw_l",
          "checksum": "b7acfd09af12305654d0c9b213a46b7a"
        },
        {
          "type": "icon",
          "assetId": "o-eToQVO5JMTG",
          "checksum": "eceb63c3eb78b000fff4eaf997b7538e"
        },
        {
          "type": "icon",
          "assetId": "tZ81iFCdal4cz",
          "checksum": "77f721be8ac527c8f71ae98218be55ce"
        },
        {
          "type": "icon",
          "assetId": "qWvWlLl0SEA0p",
          "checksum": "08bb5152066f3eb146e1cd702f1ba8ed"
        },
        {
          "type": "icon",
          "assetId": "-E82MZDWAlSY7",
          "checksum": "4e1479fdc0fe86717538735dc1ac02de"
        },
        {
          "type": "icon",
          "assetId": "pWX6btjXPr8qP",
          "checksum": "fe28c745a3449152b4d5ed65eea105b7"
        },
        {
          "type": "icon",
          "assetId": "2yOf9yKXpPDv-",
          "checksum": "2c8af247e127f54e444499a41e974eee"
        },
        {
          "type": "icon",
          "assetId": "s4S8ExfCe-gxj",
          "checksum": "1e28f99ce654b0d310897b5bb033fb58"
        },
        {
          "type": "icon",
          "assetId": "nYCyALXwXK6Xf",
          "checksum": "2354d42e56aff594a5028d48d66437a9"
        },
        {
          "type": "icon",
          "assetId": "9z_Xcd1534MIR",
          "checksum": "8861db9bdbd12a3d2145428cae079795"
        },
        {
          "type": "icon",
          "assetId": "difpCuOhpsNA1",
          "checksum": "8817ae99738c655420dd75d8753b1a13"
        },
        {
          "type": "icon",
          "assetId": "p5zclV-1E8es",
          "checksum": "a59aff5e7c40ac83f95f13daf2624b16"
        },
        {
          "type": "icon",
          "assetId": "PI-acuq_zg6",
          "checksum": "872510cb981d99716f6761c2e56f7d8d"
        },
        {
          "type": "icon",
          "assetId": "OiJhhWvfQ9K",
          "checksum": "ba7002d830b1efc3669ab74b3a1b8a3d"
        },
        {
          "type": "image",
          "assetId": "3gSDzeYaT-7Ax",
          "checksum": "64b7c689c1684c61f9b88988bfd02b9f"
        },
        {
          "type": "image",
          "assetId": "4oCdYyZjltcEX",
          "checksum": "4dab0418da09e958551a8e100199b2a5"
        },
        {
          "type": "image",
          "assetId": "dNCAW3e5YNVFa",
          "checksum": "6b9ca6c374c103970648e3527ae6a6fe"
        },
        {
          "type": "image",
          "assetId": "0PYUu3bwD5Ofx",
          "checksum": "353a68a100b0865c747b45fe2f85638e"
        },
        {
          "type": "image",
          "assetId": "krqn9pai3aUDl",
          "checksum": "f619426e64f9d5d70df3bae2280cd4dd"
        },
        {
          "type": "image",
          "assetId": "RQapPkcfixANk",
          "checksum": "6856b207fcd7195c9dc4762f93d3589f"
        },
        {
          "type": "image",
          "assetId": "dV0C4a9CfeqBf",
          "checksum": "632394168dbc0d27188473749adb9acd"
        },
        {
          "type": "image",
          "assetId": "WUeW9mG3nakVG",
          "checksum": "d4df3a74388a348c8e0f4eb831ad4cc8"
        },
        {
          "type": "image",
          "assetId": "sXnmxOJWmqyik",
          "checksum": "746a532b0c3c0672edbc723f8748e824"
        },
        {
          "type": "image",
          "assetId": "fryUtTvC7o4uC",
          "checksum": "d80ef3f5d3120a31c9bc23689ddf2bb5"
        },
        {
          "type": "image",
          "assetId": "2rasbO_kbydDB",
          "checksum": "c57c8ebe247d31f1561591bec5070a2e"
        },
        {
          "type": "image",
          "assetId": "sY7mQz0yPkZIr",
          "checksum": "49750f31dd157493a13b8fc4e9107bd3"
        },
        {
          "type": "image",
          "assetId": "6R4sxTHOEzlre",
          "checksum": "d645b06a19771e6bd651a12919f69f3e"
        },
        {
          "type": "image",
          "assetId": "ItS2eEtaNte_D",
          "checksum": "a81d8daa26d5c5e0522ad6d6d40f6b8d"
        },
        {
          "type": "image",
          "assetId": "mJi7zBDFyOQjS",
          "checksum": "fffe3a42e4a2369f832540cd235fe607"
        },
        {
          "type": "image",
          "assetId": "v6ruCYEbKwrrJ",
          "checksum": "d3300fa41c6c0b65f0b6cb4cbda11f7e"
        },
        {
          "type": "image",
          "assetId": "EIsvlkOizkQXd",
          "checksum": "08f31aa5a5afb93720c03257f9da5d30"
        },
        {
          "type": "image",
          "assetId": "KVeaFRhfAGGfa",
          "checksum": "57b711bb76e439f6a7fd97055e3c20a2"
        },
        {
          "type": "image",
          "assetId": "bRPGGzA3V2NrD",
          "checksum": "ccd7b2ae14a71a305436b1bdae59541b"
        },
        {
          "type": "image",
          "assetId": "eA96abTdRS3i4",
          "checksum": "4f5c7fe5caa59ab33d3bdfc2b090c83b"
        },
        {
          "type": "image",
          "assetId": "W7-DxsrxYZAGr",
          "checksum": "296e5aefe4ee8a0d8e280f078ed92f5d"
        },
        {
          "type": "image",
          "assetId": "QTJ-8g9dYTgJ6",
          "checksum": "2e10dc7abc738286b617fe2b4d57889d"
        },
        {
          "type": "image",
          "assetId": "TlIkLgqalDHX-",
          "checksum": "e1c47a72f40da4676c5e3600fa829879"
        },
        {
          "type": "image",
          "assetId": "67hCk32eoFEgU",
          "checksum": "4b1af52f9bbf425138df118d2bf93c7b"
        },
        {
          "type": "image",
          "assetId": "OMCgcK8lA3ccQ",
          "checksum": "f63a74e772b48c4eacf87614d3e1ff1e"
        },
        {
          "type": "image",
          "assetId": "y-ssGv0qpFOpc",
          "checksum": "2be66a1c1b1d08d65e9b3a01421150ee"
        },
        {
          "type": "image",
          "assetId": "SwdTctaAI4QT",
          "checksum": "abe199fb5f4f282941aa809a2d792211"
        },
        {
          "type": "image",
          "assetId": "z01rhD3uxwcr",
          "checksum": "b83b22eefd71bd8578b20a170226b51b"
        }
      ],
      "codegenVersion": "0.0.1"
    }
  ],
  "cliVersion": "0.1.184"
}
